
Microsoft Visual Studio Solution File, Format Version 12.00
# Visual Studio Version 16
VisualStudioVersion = 16.0.29728.190
MinimumVisualStudioVersion = 10.0.40219.1
Project("{FAE04EC0-301F-11D3-BF4B-00C04F79EFBC}") = "WebApplicationAssignmnet", "WebApplicationAssignmnet.csproj", "{BC48C854-D8FC-4AC2-8BDA-5F96DAAE7032}"
EndProject
Global
	GlobalSection(SolutionConfigurationPlatforms) = preSolution
		Debug|Any CPU = Debug|Any CPU
		Release|Any CPU = Release|Any CPU
	EndGlobalSection
	GlobalSection(ProjectConfigurationPlatforms) = postSolution
		{BC48C854-D8FC-4AC2-8BDA-5F96DAAE7032}.Debug|Any CPU.ActiveCfg = Debug|Any CPU
		{BC48C854-D8FC-4AC2-8BDA-5F96DAAE7032}.Debug|Any CPU.Build.0 = Debug|Any CPU
		{BC48C854-D8FC-4AC2-8BDA-5F96DAAE7032}.Release|Any CPU.ActiveCfg = Release|Any CPU
		{BC48C854-D8FC-4AC2-8BDA-5F96DAAE7032}.Release|Any CPU.Build.0 = Release|Any CPU
	EndGlobalSection
	GlobalSection(SolutionProperties) = preSolution
		HideSolutionNode = FALSE
	EndGlobalSection
	GlobalSection(ExtensibilityGlobals) = postSolution
		SolutionGuid = {BEE7A4C7-9D97-4616-89E9-E7E374401B6F}
	EndGlobalSection
EndGlobal
